
Microsoft Visual Studio Solution File, Format Version 12.00
# Visual Studio Version 16
VisualStudioVersion = 16.0.30804.86
MinimumVisualStudioVersion = 10.0.40219.1
Project("{FAE04EC0-301F-11D3-BF4B-00C04F79EFBC}") = "SmartCycle.Android", "SmartCycle\SmartCycle.Android\SmartCycle.Android.csproj", "{93C77C79-00FE-42C1-9E94-1DD98E4BBB8F}"
EndProject
Project("{FAE04EC0-301F-11D3-BF4B-00C04F79EFBC}") = "SmartCycle.iOS", "SmartCycle\SmartCycle.iOS\SmartCycle.iOS.csproj", "{EBF5F0D2-0C7D-4B77-8292-086918C666E5}"
EndProject
Project("{FAE04EC0-301F-11D3-BF4B-00C04F79EFBC}") = "SmartCycle", "SmartCycle\SmartCycle\SmartCycle.csproj", "{211530C6-2017-4ED8-B3C6-1FF40F5B29E1}"
EndProject
Global
	GlobalSection(SolutionConfigurationPlatforms) = preSolution
		Debug|Any CPU = Debug|Any CPU
		Debug|iPhone = Debug|iPhone
		Debug|iPhoneSimulator = Debug|iPhoneSimulator
		Release|Any CPU = Release|Any CPU
		Release|iPhone = Release|iPhone
		Release|iPhoneSimulator = Release|iPhoneSimulator
	EndGlobalSection
	GlobalSection(ProjectConfigurationPlatforms) = postSolution
		{93C77C79-00FE-42C1-9E94-1DD98E4BBB8F}.Debug|Any CPU.ActiveCfg = Debug|Any CPU
		{93C77C79-00FE-42C1-9E94-1DD98E4BBB8F}.Debug|Any CPU.Build.0 = Debug|Any CPU
		{93C77C79-00FE-42C1-9E94-1DD98E4BBB8F}.Debug|Any CPU.Deploy.0 = Debug|Any CPU
		{93C77C79-00FE-42C1-9E94-1DD98E4BBB8F}.Debug|iPhone.ActiveCfg = Debug|Any CPU
		{93C77C79-00FE-42C1-9E94-1DD98E4BBB8F}.Debug|iPhone.Build.0 = Debug|Any CPU
		{93C77C79-00FE-42C1-9E94-1DD98E4BBB8F}.Debug|iPhone.Deploy.0 = Debug|Any CPU
		{93C77C79-00FE-42C1-9E94-1DD98E4BBB8F}.Debug|iPhoneSimulator.ActiveCfg = Debug|Any CPU
		{93C77C79-00FE-42C1-9E94-1DD98E4BBB8F}.Debug|iPhoneSimulator.Build.0 = Debug|Any CPU
		{93C77C79-00FE-42C1-9E94-1DD98E4BBB8F}.Debug|iPhoneSimulator.Deploy.0 = Debug|Any CPU
		{93C77C79-00FE-42C1-9E94-1DD98E4BBB8F}.Release|Any CPU.ActiveCfg = Release|Any CPU
		{93C77C79-00FE-42C1-9E94-1DD98E4BBB8F}.Release|Any CPU.Build.0 = Release|Any CPU
		{93C77C79-00FE-42C1-9E94-1DD98E4BBB8F}.Release|Any CPU.Deploy.0 = Release|Any CPU
		{93C77C79-00FE-42C1-9E94-1DD98E4BBB8F}.Release|iPhone.ActiveCfg = Release|Any CPU
		{93C77C79-00FE-42C1-9E94-1DD98E4BBB8F}.Release|iPhone.Build.0 = Release|Any CPU
		{93C77C79-00FE-42C1-9E94-1DD98E4BBB8F}.Release|iPhone.Deploy.0 = Release|Any CPU
		{93C77C79-00FE-42C1-9E94-1DD98E4BBB8F}.Release|iPhoneSimulator.ActiveCfg = Release|Any CPU
		{93C77C79-00FE-42C1-9E94-1DD98E4BBB8F}.Release|iPhoneSimulator.Build.0 = Release|Any CPU
		{93C77C79-00FE-42C1-9E94-1DD98E4BBB8F}.Release|iPhoneSimulator.Deploy.0 = Release|Any CPU
		{EBF5F0D2-0C7D-4B77-8292-086918C666E5}.Debug|Any CPU.ActiveCfg = Debug|iPhone
		{EBF5F0D2-0C7D-4B77-8292-086918C666E5}.Debug|Any CPU.Build.0 = Debug|iPhone
		{EBF5F0D2-0C7D-4B77-8292-086918C666E5}.Debug|Any CPU.Deploy.0 = Debug|iPhone
		{EBF5F0D2-0C7D-4B77-8292-086918C666E5}.Debug|iPhone.ActiveCfg = Debug|iPhone
		{EBF5F0D2-0C7D-4B77-8292-086918C666E5}.Debug|iPhone.Build.0 = Debug|iPhone
		{EBF5F0D2-0C7D-4B77-8292-086918C666E5}.Debug|iPhone.Deploy.0 = Debug|iPhone
		{EBF5F0D2-0C7D-4B77-8292-086918C666E5}.Debug|iPhoneSimulator.ActiveCfg = Debug|iPhoneSimulator
		{EBF5F0D2-0C7D-4B77-8292-086918C666E5}.Debug|iPhoneSimulator.Build.0 = Debug|iPhoneSimulator
		{EBF5F0D2-0C7D-4B77-8292-086918C666E5}.Debug|iPhoneSimulator.Deploy.0 = Debug|iPhoneSimulator
		{EBF5F0D2-0C7D-4B77-8292-086918C666E5}.Release|Any CPU.ActiveCfg = Release|iPhoneSimulator
		{EBF5F0D2-0C7D-4B77-8292-086918C666E5}.Release|Any CPU.Build.0 = Release|iPhoneSimulator
		{EBF5F0D2-0C7D-4B77-8292-086918C666E5}.Release|Any CPU.Deploy.0 = Release|iPhoneSimulator
		{EBF5F0D2-0C7D-4B77-8292-086918C666E5}.Release|iPhone.ActiveCfg = Release|iPhone
		{EBF5F0D2-0C7D-4B77-8292-086918C666E5}.Release|iPhone.Build.0 = Release|iPhone
		{EBF5F0D2-0C7D-4B77-8292-086918C666E5}.Release|iPhone.Deploy.0 = Release|iPhone
		{EBF5F0D2-0C7D-4B77-8292-086918C666E5}.Release|iPhoneSimulator.ActiveCfg = Release|iPhoneSimulator
		{EBF5F0D2-0C7D-4B77-8292-086918C666E5}.Release|iPhoneSimulator.Build.0 = Release|iPhoneSimulator
		{EBF5F0D2-0C7D-4B77-8292-086918C666E5}.Release|iPhoneSimulator.Deploy.0 = Release|iPhoneSimulator
		{211530C6-2017-4ED8-B3C6-1FF40F5B29E1}.Debug|Any CPU.ActiveCfg = Debug|Any CPU
		{211530C6-2017-4ED8-B3C6-1FF40F5B29E1}.Debug|Any CPU.Build.0 = Debug|Any CPU
		{211530C6-2017-4ED8-B3C6-1FF40F5B29E1}.Debug|Any CPU.Deploy.0 = Debug|Any CPU
		{211530C6-2017-4ED8-B3C6-1FF40F5B29E1}.Debug|iPhone.ActiveCfg = Debug|Any CPU
		{211530C6-2017-4ED8-B3C6-1FF40F5B29E1}.Debug|iPhone.Build.0 = Debug|Any CPU
		{211530C6-2017-4ED8-B3C6-1FF40F5B29E1}.Debug|iPhone.Deploy.0 = Debug|Any CPU
		{211530C6-2017-4ED8-B3C6-1FF40F5B29E1}.Debug|iPhoneSimulator.ActiveCfg = Debug|Any CPU
		{211530C6-2017-4ED8-B3C6-1FF40F5B29E1}.Debug|iPhoneSimulator.Build.0 = Debug|Any CPU
		{211530C6-2017-4ED8-B3C6-1FF40F5B29E1}.Debug|iPhoneSimulator.Deploy.0 = Debug|Any CPU
		{211530C6-2017-4ED8-B3C6-1FF40F5B29E1}.Release|Any CPU.ActiveCfg = Release|Any CPU
		{211530C6-2017-4ED8-B3C6-1FF40F5B29E1}.Release|Any CPU.Build.0 = Release|Any CPU
		{211530C6-2017-4ED8-B3C6-1FF40F5B29E1}.Release|Any CPU.Deploy.0 = Release|Any CPU
		{211530C6-2017-4ED8-B3C6-1FF40F5B29E1}.Release|iPhone.ActiveCfg = Release|Any CPU
		{211530C6-2017-4ED8-B3C6-1FF40F5B29E1}.Release|iPhone.Build.0 = Release|Any CPU
		{211530C6-2017-4ED8-B3C6-1FF40F5B29E1}.Release|iPhone.Deploy.0 = Release|Any CPU
		{211530C6-2017-4ED8-B3C6-1FF40F5B29E1}.Release|iPhoneSimulator.ActiveCfg = Release|Any CPU
		{211530C6-2017-4ED8-B3C6-1FF40F5B29E1}.Release|iPhoneSimulator.Build.0 = Release|Any CPU
		{211530C6-2017-4ED8-B3C6-1FF40F5B29E1}.Release|iPhoneSimulator.Deploy.0 = Release|Any CPU
	EndGlobalSection
	GlobalSection(SolutionProperties) = preSolution
		HideSolutionNode = FALSE
	EndGlobalSection
	GlobalSection(ExtensibilityGlobals) = postSolution
		SolutionGuid = {FDD8C8B3-100F-4004-8AED-DE744BD7F724}
	EndGlobalSection
EndGlobal
